// !$*UTF8*$!
{
	archiveVersion = 1;
	classes = {
	};
	objectVersion = 46;
	objects = {

/* Begin PBXBuildFile section */
		7FD44002196AF86600C4634A /* ofxUI2DGraph.cpp in Sources */ = {isa = PBXBuildFile; fileRef = 7FD43E78196AF86600C4634A /* ofxUI2DGraph.cpp */; };
		7FD44003196AF86600C4634A /* ofxUI2DPad.cpp in Sources */ = {isa = PBXBuildFile; fileRef = 7FD43E7A196AF86600C4634A /* ofxUI2DPad.cpp */; };
		7FD44004196AF86600C4634A /* ofxUIBaseDraws.cpp in Sources */ = {isa = PBXBuildFile; fileRef = 7FD43E7C196AF86600C4634A /* ofxUIBaseDraws.cpp */; };
		7FD44005196AF86600C4634A /* ofxUIBiLabelSlider.cpp in Sources */ = {isa = PBXBuildFile; fileRef = 7FD43E7E196AF86600C4634A /* ofxUIBiLabelSlider.cpp */; };
		7FD44006196AF86600C4634A /* ofxUIButton.cpp in Sources */ = {isa = PBXBuildFile; fileRef = 7FD43E80196AF86600C4634A /* ofxUIButton.cpp */; };
		7FD44007196AF86600C4634A /* ofxUICanvas.cpp in Sources */ = {isa = PBXBuildFile; fileRef = 7FD43E82196AF86600C4634A /* ofxUICanvas.cpp */; };
		7FD44008196AF86600C4634A /* ofxUICircleSlider.cpp in Sources */ = {isa = PBXBuildFile; fileRef = 7FD43E84196AF86600C4634A /* ofxUICircleSlider.cpp */; };
		7FD44009196AF86600C4634A /* ofxUIDragableLabelButton.cpp in Sources */ = {isa = PBXBuildFile; fileRef = 7FD43E87196AF86600C4634A /* ofxUIDragableLabelButton.cpp */; };
		7FD4400A196AF86600C4634A /* ofxUIDropDownList.cpp in Sources */ = {isa = PBXBuildFile; fileRef = 7FD43E89196AF86600C4634A /* ofxUIDropDownList.cpp */; };
		7FD4400B196AF86600C4634A /* ofxUIEventArgs.cpp in Sources */ = {isa = PBXBuildFile; fileRef = 7FD43E8B196AF86600C4634A /* ofxUIEventArgs.cpp */; };
		7FD4400C196AF86600C4634A /* ofxUIFPS.cpp in Sources */ = {isa = PBXBuildFile; fileRef = 7FD43E8D196AF86600C4634A /* ofxUIFPS.cpp */; };
		7FD4400D196AF86600C4634A /* ofxUIFPSSlider.cpp in Sources */ = {isa = PBXBuildFile; fileRef = 7FD43E8F196AF86600C4634A /* ofxUIFPSSlider.cpp */; };
		7FD4400E196AF86600C4634A /* ofxUIImage.cpp in Sources */ = {isa = PBXBuildFile; fileRef = 7FD43E91196AF86600C4634A /* ofxUIImage.cpp */; };
		7FD4400F196AF86600C4634A /* ofxUIImageButton.cpp in Sources */ = {isa = PBXBuildFile; fileRef = 7FD43E93196AF86600C4634A /* ofxUIImageButton.cpp */; };
		7FD44010196AF86600C4634A /* ofxUIImageSampler.cpp in Sources */ = {isa = PBXBuildFile; fileRef = 7FD43E95196AF86600C4634A /* ofxUIImageSampler.cpp */; };
		7FD44011196AF86600C4634A /* ofxUIImageSlider.cpp in Sources */ = {isa = PBXBuildFile; fileRef = 7FD43E97196AF86600C4634A /* ofxUIImageSlider.cpp */; };
		7FD44012196AF86600C4634A /* ofxUIImageToggle.cpp in Sources */ = {isa = PBXBuildFile; fileRef = 7FD43E99196AF86600C4634A /* ofxUIImageToggle.cpp */; };
		7FD44013196AF86600C4634A /* ofxUILabel.cpp in Sources */ = {isa = PBXBuildFile; fileRef = 7FD43E9B196AF86600C4634A /* ofxUILabel.cpp */; };
		7FD44014196AF86600C4634A /* ofxUILabelButton.cpp in Sources */ = {isa = PBXBuildFile; fileRef = 7FD43E9D196AF86600C4634A /* ofxUILabelButton.cpp */; };
		7FD44015196AF86600C4634A /* ofxUILabelToggle.cpp in Sources */ = {isa = PBXBuildFile; fileRef = 7FD43E9F196AF86600C4634A /* ofxUILabelToggle.cpp */; };
		7FD44016196AF86600C4634A /* ofxUIMinimalSlider.cpp in Sources */ = {isa = PBXBuildFile; fileRef = 7FD43EA1196AF86600C4634A /* ofxUIMinimalSlider.cpp */; };
		7FD44017196AF86600C4634A /* ofxUIMovingGraph.cpp in Sources */ = {isa = PBXBuildFile; fileRef = 7FD43EA3196AF86600C4634A /* ofxUIMovingGraph.cpp */; };
		7FD44018196AF86600C4634A /* ofxUIMultiImageButton.cpp in Sources */ = {isa = PBXBuildFile; fileRef = 7FD43EA5196AF86600C4634A /* ofxUIMultiImageButton.cpp */; };
		7FD44019196AF86600C4634A /* ofxUIMultiImageToggle.cpp in Sources */ = {isa = PBXBuildFile; fileRef = 7FD43EA7196AF86600C4634A /* ofxUIMultiImageToggle.cpp */; };
		7FD4401A196AF86600C4634A /* ofxUINumberDialer.cpp in Sources */ = {isa = PBXBuildFile; fileRef = 7FD43EA9196AF86600C4634A /* ofxUINumberDialer.cpp */; };
		7FD4401B196AF86600C4634A /* ofxUIRadio.cpp in Sources */ = {isa = PBXBuildFile; fileRef = 7FD43EAC196AF86600C4634A /* ofxUIRadio.cpp */; };
		7FD4401C196AF86600C4634A /* ofxUIRangeSlider.cpp in Sources */ = {isa = PBXBuildFile; fileRef = 7FD43EAE196AF86600C4634A /* ofxUIRangeSlider.cpp */; };
		7FD4401D196AF86600C4634A /* ofxUIRectangle.cpp in Sources */ = {isa = PBXBuildFile; fileRef = 7FD43EB0196AF86600C4634A /* ofxUIRectangle.cpp */; };
		7FD4401E196AF86600C4634A /* ofxUIRotarySlider.cpp in Sources */ = {isa = PBXBuildFile; fileRef = 7FD43EB2196AF86600C4634A /* ofxUIRotarySlider.cpp */; };
		7FD4401F196AF86600C4634A /* ofxUIScrollableCanvas.cpp in Sources */ = {isa = PBXBuildFile; fileRef = 7FD43EB4196AF86600C4634A /* ofxUIScrollableCanvas.cpp */; };
		7FD44020196AF86600C4634A /* ofxUISlider.cpp in Sources */ = {isa = PBXBuildFile; fileRef = 7FD43EB6196AF86600C4634A /* ofxUISlider.cpp */; };
		7FD44021196AF86600C4634A /* ofxUISortableList.cpp in Sources */ = {isa = PBXBuildFile; fileRef = 7FD43EB8196AF86600C4634A /* ofxUISortableList.cpp */; };
		7FD44022196AF86600C4634A /* ofxUISpacer.cpp in Sources */ = {isa = PBXBuildFile; fileRef = 7FD43EBA196AF86600C4634A /* ofxUISpacer.cpp */; };
		7FD44023196AF86600C4634A /* ofxUISpectrum.cpp in Sources */ = {isa = PBXBuildFile; fileRef = 7FD43EBC196AF86600C4634A /* ofxUISpectrum.cpp */; };
		7FD44024196AF86600C4634A /* ofxUISuperCanvas.cpp in Sources */ = {isa = PBXBuildFile; fileRef = 7FD43EBE196AF86600C4634A /* ofxUISuperCanvas.cpp */; };
		7FD44025196AF86600C4634A /* ofxUITabBar.cpp in Sources */ = {isa = PBXBuildFile; fileRef = 7FD43EC0196AF86600C4634A /* ofxUITabBar.cpp */; };
		7FD44026196AF86600C4634A /* ofxUITextArea.cpp in Sources */ = {isa = PBXBuildFile; fileRef = 7FD43EC2196AF86600C4634A /* ofxUITextArea.cpp */; };
		7FD44027196AF86600C4634A /* ofxUITextInput.cpp in Sources */ = {isa = PBXBuildFile; fileRef = 7FD43EC4196AF86600C4634A /* ofxUITextInput.cpp */; };
		7FD44028196AF86600C4634A /* ofxUIToggle.cpp in Sources */ = {isa = PBXBuildFile; fileRef = 7FD43EC6196AF86600C4634A /* ofxUIToggle.cpp */; };
		7FD44029196AF86600C4634A /* ofxUIToggleMatrix.cpp in Sources */ = {isa = PBXBuildFile; fileRef = 7FD43EC8196AF86600C4634A /* ofxUIToggleMatrix.cpp */; };
		7FD4402A196AF86600C4634A /* ofxUIValuePlotter.cpp in Sources */ = {isa = PBXBuildFile; fileRef = 7FD43ECB196AF86600C4634A /* ofxUIValuePlotter.cpp */; };
		7FD4402B196AF86600C4634A /* ofxUIWaveform.cpp in Sources */ = {isa = PBXBuildFile; fileRef = 7FD43ECD196AF86600C4634A /* ofxUIWaveform.cpp */; };
		7FD4402C196AF86600C4634A /* ofxUIWidget.cpp in Sources */ = {isa = PBXBuildFile; fileRef = 7FD43ECF196AF86600C4634A /* ofxUIWidget.cpp */; };
		7FD4402D196AF86600C4634A /* ofxUIWidgetWithLabel.cpp in Sources */ = {isa = PBXBuildFile; fileRef = 7FD43ED2196AF86600C4634A /* ofxUIWidgetWithLabel.cpp */; };
		7FD440BD196AF94300C4634A /* tinyxml.cpp in Sources */ = {isa = PBXBuildFile; fileRef = 7FD440B6196AF94300C4634A /* tinyxml.cpp */; };
		7FD440BE196AF94300C4634A /* tinyxmlerror.cpp in Sources */ = {isa = PBXBuildFile; fileRef = 7FD440B8196AF94300C4634A /* tinyxmlerror.cpp */; };
		7FD440BF196AF94300C4634A /* tinyxmlparser.cpp in Sources */ = {isa = PBXBuildFile; fileRef = 7FD440B9196AF94300C4634A /* tinyxmlparser.cpp */; };
		7FD440C0196AF94300C4634A /* ofxXmlSettings.cpp in Sources */ = {isa = PBXBuildFile; fileRef = 7FD440BB196AF94300C4634A /* ofxXmlSettings.cpp */; };
		BBAB23CB13894F3D00AA2426 /* GLUT.framework in CopyFiles */ = {isa = PBXBuildFile; fileRef = BBAB23BE13894E4700AA2426 /* GLUT.framework */; };
		E4328149138ABC9F0047C5CB /* openFrameworksDebug.a in Frameworks */ = {isa = PBXBuildFile; fileRef = E4328148138ABC890047C5CB /* openFrameworksDebug.a */; };
		E45BE97B0E8CC7DD009D7055 /* AGL.framework in Frameworks */ = {isa = PBXBuildFile; fileRef = E45BE9710E8CC7DD009D7055 /* AGL.framework */; };
		E45BE97C0E8CC7DD009D7055 /* ApplicationServices.framework in Frameworks */ = {isa = PBXBuildFile; fileRef = E45BE9720E8CC7DD009D7055 /* ApplicationServices.framework */; };
		E45BE97D0E8CC7DD009D7055 /* AudioToolbox.framework in Frameworks */ = {isa = PBXBuildFile; fileRef = E45BE9730E8CC7DD009D7055 /* AudioToolbox.framework */; };
		E45BE97E0E8CC7DD009D7055 /* Carbon.framework in Frameworks */ = {isa = PBXBuildFile; fileRef = E45BE9740E8CC7DD009D7055 /* Carbon.framework */; };
		E45BE97F0E8CC7DD009D7055 /* CoreAudio.framework in Frameworks */ = {isa = PBXBuildFile; fileRef = E45BE9750E8CC7DD009D7055 /* CoreAudio.framework */; };
		E45BE9800E8CC7DD009D7055 /* CoreFoundation.framework in Frameworks */ = {isa = PBXBuildFile; fileRef = E45BE9760E8CC7DD009D7055 /* CoreFoundation.framework */; };
		E45BE9810E8CC7DD009D7055 /* CoreServices.framework in Frameworks */ = {isa = PBXBuildFile; fileRef = E45BE9770E8CC7DD009D7055 /* CoreServices.framework */; };
		E45BE9830E8CC7DD009D7055 /* OpenGL.framework in Frameworks */ = {isa = PBXBuildFile; fileRef = E45BE9790E8CC7DD009D7055 /* OpenGL.framework */; };
		E45BE9840E8CC7DD009D7055 /* QuickTime.framework in Frameworks */ = {isa = PBXBuildFile; fileRef = E45BE97A0E8CC7DD009D7055 /* QuickTime.framework */; };
		E4B69E200A3A1BDC003C02F2 /* main.cpp in Sources */ = {isa = PBXBuildFile; fileRef = E4B69E1D0A3A1BDC003C02F2 /* main.cpp */; };
		E4B69E210A3A1BDC003C02F2 /* testApp.cpp in Sources */ = {isa = PBXBuildFile; fileRef = E4B69E1E0A3A1BDC003C02F2 /* testApp.cpp */; };
		E4C2424710CC5A17004149E2 /* AppKit.framework in Frameworks */ = {isa = PBXBuildFile; fileRef = E4C2424410CC5A17004149E2 /* AppKit.framework */; };
		E4C2424810CC5A17004149E2 /* Cocoa.framework in Frameworks */ = {isa = PBXBuildFile; fileRef = E4C2424510CC5A17004149E2 /* Cocoa.framework */; };
		E4C2424910CC5A17004149E2 /* IOKit.framework in Frameworks */ = {isa = PBXBuildFile; fileRef = E4C2424610CC5A17004149E2 /* IOKit.framework */; };
		E4EB6799138ADC1D00A09F29 /* GLUT.framework in Frameworks */ = {isa = PBXBuildFile; fileRef = BBAB23BE13894E4700AA2426 /* GLUT.framework */; };
		E7E077E515D3B63C0020DFD4 /* CoreVideo.framework in Frameworks */ = {isa = PBXBuildFile; fileRef = E7E077E415D3B63C0020DFD4 /* CoreVideo.framework */; };
		E7E077E815D3B6510020DFD4 /* QTKit.framework in Frameworks */ = {isa = PBXBuildFile; fileRef = E7E077E715D3B6510020DFD4 /* QTKit.framework */; };
		E7F985F815E0DEA3003869B5 /* Accelerate.framework in Frameworks */ = {isa = PBXBuildFile; fileRef = E7F985F515E0DE99003869B5 /* Accelerate.framework */; };
/* End PBXBuildFile section */

/* Begin PBXContainerItemProxy section */
		E4328147138ABC890047C5CB /* PBXContainerItemProxy */ = {
			isa = PBXContainerItemProxy;
			containerPortal = E4328143138ABC890047C5CB /* openFrameworksLib.xcodeproj */;
			proxyType = 2;
			remoteGlobalIDString = E4B27C1510CBEB8E00536013;
			remoteInfo = openFrameworks;
		};
		E4EEB9AB138B136A00A80321 /* PBXContainerItemProxy */ = {
			isa = PBXContainerItemProxy;
			containerPortal = E4328143138ABC890047C5CB /* openFrameworksLib.xcodeproj */;
			proxyType = 1;
			remoteGlobalIDString = E4B27C1410CBEB8E00536013;
			remoteInfo = openFrameworks;
		};
/* End PBXContainerItemProxy section */

/* Begin PBXCopyFilesBuildPhase section */
		E4C2427710CC5ABF004149E2 /* CopyFiles */ = {
			isa = PBXCopyFilesBuildPhase;
			buildActionMask = 2147483647;
			dstPath = "";
			dstSubfolderSpec = 10;
			files = (
				BBAB23CB13894F3D00AA2426 /* GLUT.framework in CopyFiles */,
			);
			runOnlyForDeploymentPostprocessing = 0;
		};
/* End PBXCopyFilesBuildPhase section */

/* Begin PBXFileReference section */
		7FD43E77196AF86600C4634A /* ofxUI.h */ = {isa = PBXFileReference; fileEncoding = 4; lastKnownFileType = sourcecode.c.h; path = ofxUI.h; sourceTree = "<group>"; };
		7FD43E78196AF86600C4634A /* ofxUI2DGraph.cpp */ = {isa = PBXFileReference; fileEncoding = 4; lastKnownFileType = sourcecode.cpp.cpp; path = ofxUI2DGraph.cpp; sourceTree = "<group>"; };
		7FD43E79196AF86600C4634A /* ofxUI2DGraph.h */ = {isa = PBXFileReference; fileEncoding = 4; lastKnownFileType = sourcecode.c.h; path = ofxUI2DGraph.h; sourceTree = "<group>"; };
		7FD43E7A196AF86600C4634A /* ofxUI2DPad.cpp */ = {isa = PBXFileReference; fileEncoding = 4; lastKnownFileType = sourcecode.cpp.cpp; path = ofxUI2DPad.cpp; sourceTree = "<group>"; };
		7FD43E7B196AF86600C4634A /* ofxUI2DPad.h */ = {isa = PBXFileReference; fileEncoding = 4; lastKnownFileType = sourcecode.c.h; path = ofxUI2DPad.h; sourceTree = "<group>"; };
		7FD43E7C196AF86600C4634A /* ofxUIBaseDraws.cpp */ = {isa = PBXFileReference; fileEncoding = 4; lastKnownFileType = sourcecode.cpp.cpp; path = ofxUIBaseDraws.cpp; sourceTree = "<group>"; };
		7FD43E7D196AF86600C4634A /* ofxUIBaseDraws.h */ = {isa = PBXFileReference; fileEncoding = 4; lastKnownFileType = sourcecode.c.h; path = ofxUIBaseDraws.h; sourceTree = "<group>"; };
		7FD43E7E196AF86600C4634A /* ofxUIBiLabelSlider.cpp */ = {isa = PBXFileReference; fileEncoding = 4; lastKnownFileType = sourcecode.cpp.cpp; path = ofxUIBiLabelSlider.cpp; sourceTree = "<group>"; };
		7FD43E7F196AF86600C4634A /* ofxUIBiLabelSlider.h */ = {isa = PBXFileReference; fileEncoding = 4; lastKnownFileType = sourcecode.c.h; path = ofxUIBiLabelSlider.h; sourceTree = "<group>"; };
		7FD43E80196AF86600C4634A /* ofxUIButton.cpp */ = {isa = PBXFileReference; fileEncoding = 4; lastKnownFileType = sourcecode.cpp.cpp; path = ofxUIButton.cpp; sourceTree = "<group>"; };
		7FD43E81196AF86600C4634A /* ofxUIButton.h */ = {isa = PBXFileReference; fileEncoding = 4; lastKnownFileType = sourcecode.c.h; path = ofxUIButton.h; sourceTree = "<group>"; };
		7FD43E82196AF86600C4634A /* ofxUICanvas.cpp */ = {isa = PBXFileReference; fileEncoding = 4; lastKnownFileType = sourcecode.cpp.cpp; path = ofxUICanvas.cpp; sourceTree = "<group>"; };
		7FD43E83196AF86600C4634A /* ofxUICanvas.h */ = {isa = PBXFileReference; fileEncoding = 4; lastKnownFileType = sourcecode.c.h; path = ofxUICanvas.h; sourceTree = "<group>"; };
		7FD43E84196AF86600C4634A /* ofxUICircleSlider.cpp */ = {isa = PBXFileReference; fileEncoding = 4; lastKnownFileType = sourcecode.cpp.cpp; path = ofxUICircleSlider.cpp; sourceTree = "<group>"; };
		7FD43E85196AF86600C4634A /* ofxUICircleSlider.h */ = {isa = PBXFileReference; fileEncoding = 4; lastKnownFileType = sourcecode.c.h; path = ofxUICircleSlider.h; sourceTree = "<group>"; };
		7FD43E86196AF86600C4634A /* ofxUIDefines.h */ = {isa = PBXFileReference; fileEncoding = 4; lastKnownFileType = sourcecode.c.h; path = ofxUIDefines.h; sourceTree = "<group>"; };
		7FD43E87196AF86600C4634A /* ofxUIDragableLabelButton.cpp */ = {isa = PBXFileReference; fileEncoding = 4; lastKnownFileType = sourcecode.cpp.cpp; path = ofxUIDragableLabelButton.cpp; sourceTree = "<group>"; };
		7FD43E88196AF86600C4634A /* ofxUIDragableLabelButton.h */ = {isa = PBXFileReference; fileEncoding = 4; lastKnownFileType = sourcecode.c.h; path = ofxUIDragableLabelButton.h; sourceTree = "<group>"; };
		7FD43E89196AF86600C4634A /* ofxUIDropDownList.cpp */ = {isa = PBXFileReference; fileEncoding = 4; lastKnownFileType = sourcecode.cpp.cpp; path = ofxUIDropDownList.cpp; sourceTree = "<group>"; };
		7FD43E8A196AF86600C4634A /* ofxUIDropDownList.h */ = {isa = PBXFileReference; fileEncoding = 4; lastKnownFileType = sourcecode.c.h; path = ofxUIDropDownList.h; sourceTree = "<group>"; };
		7FD43E8B196AF86600C4634A /* ofxUIEventArgs.cpp */ = {isa = PBXFileReference; fileEncoding = 4; lastKnownFileType = sourcecode.cpp.cpp; path = ofxUIEventArgs.cpp; sourceTree = "<group>"; };
		7FD43E8C196AF86600C4634A /* ofxUIEventArgs.h */ = {isa = PBXFileReference; fileEncoding = 4; lastKnownFileType = sourcecode.c.h; path = ofxUIEventArgs.h; sourceTree = "<group>"; };
		7FD43E8D196AF86600C4634A /* ofxUIFPS.cpp */ = {isa = PBXFileReference; fileEncoding = 4; lastKnownFileType = sourcecode.cpp.cpp; path = ofxUIFPS.cpp; sourceTree = "<group>"; };
		7FD43E8E196AF86600C4634A /* ofxUIFPS.h */ = {isa = PBXFileReference; fileEncoding = 4; lastKnownFileType = sourcecode.c.h; path = ofxUIFPS.h; sourceTree = "<group>"; };
		7FD43E8F196AF86600C4634A /* ofxUIFPSSlider.cpp */ = {isa = PBXFileReference; fileEncoding = 4; lastKnownFileType = sourcecode.cpp.cpp; path = ofxUIFPSSlider.cpp; sourceTree = "<group>"; };
		7FD43E90196AF86600C4634A /* ofxUIFPSSlider.h */ = {isa = PBXFileReference; fileEncoding = 4; lastKnownFileType = sourcecode.c.h; path = ofxUIFPSSlider.h; sourceTree = "<group>"; };
		7FD43E91196AF86600C4634A /* ofxUIImage.cpp */ = {isa = PBXFileReference; fileEncoding = 4; lastKnownFileType = sourcecode.cpp.cpp; path = ofxUIImage.cpp; sourceTree = "<group>"; };
		7FD43E92196AF86600C4634A /* ofxUIImage.h */ = {isa = PBXFileReference; fileEncoding = 4; lastKnownFileType = sourcecode.c.h; path = ofxUIImage.h; sourceTree = "<group>"; };
		7FD43E93196AF86600C4634A /* ofxUIImageButton.cpp */ = {isa = PBXFileReference; fileEncoding = 4; lastKnownFileType = sourcecode.cpp.cpp; path = ofxUIImageButton.cpp; sourceTree = "<group>"; };
		7FD43E94196AF86600C4634A /* ofxUIImageButton.h */ = {isa = PBXFileReference; fileEncoding = 4; lastKnownFileType = sourcecode.c.h; path = ofxUIImageButton.h; sourceTree = "<group>"; };
		7FD43E95196AF86600C4634A /* ofxUIImageSampler.cpp */ = {isa = PBXFileReference; fileEncoding = 4; lastKnownFileType = sourcecode.cpp.cpp; path = ofxUIImageSampler.cpp; sourceTree = "<group>"; };
		7FD43E96196AF86600C4634A /* ofxUIImageSampler.h */ = {isa = PBXFileReference; fileEncoding = 4; lastKnownFileType = sourcecode.c.h; path = ofxUIImageSampler.h; sourceTree = "<group>"; };
		7FD43E97196AF86600C4634A /* ofxUIImageSlider.cpp */ = {isa = PBXFileReference; fileEncoding = 4; lastKnownFileType = sourcecode.cpp.cpp; path = ofxUIImageSlider.cpp; sourceTree = "<group>"; };
		7FD43E98196AF86600C4634A /* ofxUIImageSlider.h */ = {isa = PBXFileReference; fileEncoding = 4; lastKnownFileType = sourcecode.c.h; path = ofxUIImageSlider.h; sourceTree = "<group>"; };
		7FD43E99196AF86600C4634A /* ofxUIImageToggle.cpp */ = {isa = PBXFileReference; fileEncoding = 4; lastKnownFileType = sourcecode.cpp.cpp; path = ofxUIImageToggle.cpp; sourceTree = "<group>"; };
		7FD43E9A196AF86600C4634A /* ofxUIImageToggle.h */ = {isa = PBXFileReference; fileEncoding = 4; lastKnownFileType = sourcecode.c.h; path = ofxUIImageToggle.h; sourceTree = "<group>"; };
		7FD43E9B196AF86600C4634A /* ofxUILabel.cpp */ = {isa = PBXFileReference; fileEncoding = 4; lastKnownFileType = sourcecode.cpp.cpp; path = ofxUILabel.cpp; sourceTree = "<group>"; };
		7FD43E9C196AF86600C4634A /* ofxUILabel.h */ = {isa = PBXFileReference; fileEncoding = 4; lastKnownFileType = sourcecode.c.h; path = ofxUILabel.h; sourceTree = "<group>"; };
		7FD43E9D196AF86600C4634A /* ofxUILabelButton.cpp */ = {isa = PBXFileReference; fileEncoding = 4; lastKnownFileType = sourcecode.cpp.cpp; path = ofxUILabelButton.cpp; sourceTree = "<group>"; };
		7FD43E9E196AF86600C4634A /* ofxUILabelButton.h */ = {isa = PBXFileReference; fileEncoding = 4; lastKnownFileType = sourcecode.c.h; path = ofxUILabelButton.h; sourceTree = "<group>"; };
		7FD43E9F196AF86600C4634A /* ofxUILabelToggle.cpp */ = {isa = PBXFileReference; fileEncoding = 4; lastKnownFileType = sourcecode.cpp.cpp; path = ofxUILabelToggle.cpp; sourceTree = "<group>"; };
		7FD43EA0196AF86600C4634A /* ofxUILabelToggle.h */ = {isa = PBXFileReference; fileEncoding = 4; lastKnownFileType = sourcecode.c.h; path = ofxUILabelToggle.h; sourceTree = "<group>"; };
		7FD43EA1196AF86600C4634A /* ofxUIMinimalSlider.cpp */ = {isa = PBXFileReference; fileEncoding = 4; lastKnownFileType = sourcecode.cpp.cpp; path = ofxUIMinimalSlider.cpp; sourceTree = "<group>"; };
		7FD43EA2196AF86600C4634A /* ofxUIMinimalSlider.h */ = {isa = PBXFileReference; fileEncoding = 4; lastKnownFileType = sourcecode.c.h; path = ofxUIMinimalSlider.h; sourceTree = "<group>"; };
		7FD43EA3196AF86600C4634A /* ofxUIMovingGraph.cpp */ = {isa = PBXFileReference; fileEncoding = 4; lastKnownFileType = sourcecode.cpp.cpp; path = ofxUIMovingGraph.cpp; sourceTree = "<group>"; };
		7FD43EA4196AF86600C4634A /* ofxUIMovingGraph.h */ = {isa = PBXFileReference; fileEncoding = 4; lastKnownFileType = sourcecode.c.h; path = ofxUIMovingGraph.h; sourceTree = "<group>"; };
		7FD43EA5196AF86600C4634A /* ofxUIMultiImageButton.cpp */ = {isa = PBXFileReference; fileEncoding = 4; lastKnownFileType = sourcecode.cpp.cpp; path = ofxUIMultiImageButton.cpp; sourceTree = "<group>"; };
		7FD43EA6196AF86600C4634A /* ofxUIMultiImageButton.h */ = {isa = PBXFileReference; fileEncoding = 4; lastKnownFileType = sourcecode.c.h; path = ofxUIMultiImageButton.h; sourceTree = "<group>"; };
		7FD43EA7196AF86600C4634A /* ofxUIMultiImageToggle.cpp */ = {isa = PBXFileReference; fileEncoding = 4; lastKnownFileType = sourcecode.cpp.cpp; path = ofxUIMultiImageToggle.cpp; sourceTree = "<group>"; };
		7FD43EA8196AF86600C4634A /* ofxUIMultiImageToggle.h */ = {isa = PBXFileReference; fileEncoding = 4; lastKnownFileType = sourcecode.c.h; path = ofxUIMultiImageToggle.h; sourceTree = "<group>"; };
		7FD43EA9196AF86600C4634A /* ofxUINumberDialer.cpp */ = {isa = PBXFileReference; fileEncoding = 4; lastKnownFileType = sourcecode.cpp.cpp; path = ofxUINumberDialer.cpp; sourceTree = "<group>"; };
		7FD43EAA196AF86600C4634A /* ofxUINumberDialer.h */ = {isa = PBXFileReference; fileEncoding = 4; lastKnownFileType = sourcecode.c.h; path = ofxUINumberDialer.h; sourceTree = "<group>"; };
		7FD43EAB196AF86600C4634A /* ofxUIOFWrapper.h */ = {isa = PBXFileReference; fileEncoding = 4; lastKnownFileType = sourcecode.c.h; path = ofxUIOFWrapper.h; sourceTree = "<group>"; };
		7FD43EAC196AF86600C4634A /* ofxUIRadio.cpp */ = {isa = PBXFileReference; fileEncoding = 4; lastKnownFileType = sourcecode.cpp.cpp; path = ofxUIRadio.cpp; sourceTree = "<group>"; };
		7FD43EAD196AF86600C4634A /* ofxUIRadio.h */ = {isa = PBXFileReference; fileEncoding = 4; lastKnownFileType = sourcecode.c.h; path = ofxUIRadio.h; sourceTree = "<group>"; };
		7FD43EAE196AF86600C4634A /* ofxUIRangeSlider.cpp */ = {isa = PBXFileReference; fileEncoding = 4; lastKnownFileType = sourcecode.cpp.cpp; path = ofxUIRangeSlider.cpp; sourceTree = "<group>"; };
		7FD43EAF196AF86600C4634A /* ofxUIRangeSlider.h */ = {isa = PBXFileReference; fileEncoding = 4; lastKnownFileType = sourcecode.c.h; path = ofxUIRangeSlider.h; sourceTree = "<group>"; };
		7FD43EB0196AF86600C4634A /* ofxUIRectangle.cpp */ = {isa = PBXFileReference; fileEncoding = 4; lastKnownFileType = sourcecode.cpp.cpp; path = ofxUIRectangle.cpp; sourceTree = "<group>"; };
		7FD43EB1196AF86600C4634A /* ofxUIRectangle.h */ = {isa = PBXFileReference; fileEncoding = 4; lastKnownFileType = sourcecode.c.h; path = ofxUIRectangle.h; sourceTree = "<group>"; };
		7FD43EB2196AF86600C4634A /* ofxUIRotarySlider.cpp */ = {isa = PBXFileReference; fileEncoding = 4; lastKnownFileType = sourcecode.cpp.cpp; path = ofxUIRotarySlider.cpp; sourceTree = "<group>"; };
		7FD43EB3196AF86600C4634A /* ofxUIRotarySlider.h */ = {isa = PBXFileReference; fileEncoding = 4; lastKnownFileType = sourcecode.c.h; path = ofxUIRotarySlider.h; sourceTree = "<group>"; };
		7FD43EB4196AF86600C4634A /* ofxUIScrollableCanvas.cpp */ = {isa = PBXFileReference; fileEncoding = 4; lastKnownFileType = sourcecode.cpp.cpp; path = ofxUIScrollableCanvas.cpp; sourceTree = "<group>"; };
		7FD43EB5196AF86600C4634A /* ofxUIScrollableCanvas.h */ = {isa = PBXFileReference; fileEncoding = 4; lastKnownFileType = sourcecode.c.h; path = ofxUIScrollableCanvas.h; sourceTree = "<group>"; };
		7FD43EB6196AF86600C4634A /* ofxUISlider.cpp */ = {isa = PBXFileReference; fileEncoding = 4; lastKnownFileType = sourcecode.cpp.cpp; path = ofxUISlider.cpp; sourceTree = "<group>"; };
		7FD43EB7196AF86600C4634A /* ofxUISlider.h */ = {isa = PBXFileReference; fileEncoding = 4; lastKnownFileType = sourcecode.c.h; path = ofxUISlider.h; sourceTree = "<group>"; };
		7FD43EB8196AF86600C4634A /* ofxUISortableList.cpp */ = {isa = PBXFileReference; fileEncoding = 4; lastKnownFileType = sourcecode.cpp.cpp; path = ofxUISortableList.cpp; sourceTree = "<group>"; };
		7FD43EB9196AF86600C4634A /* ofxUISortableList.h */ = {isa = PBXFileReference; fileEncoding = 4; lastKnownFileType = sourcecode.c.h; path = ofxUISortableList.h; sourceTree = "<group>"; };
		7FD43EBA196AF86600C4634A /* ofxUISpacer.cpp */ = {isa = PBXFileReference; fileEncoding = 4; lastKnownFileType = sourcecode.cpp.cpp; path = ofxUISpacer.cpp; sourceTree = "<group>"; };
		7FD43EBB196AF86600C4634A /* ofxUISpacer.h */ = {isa = PBXFileReference; fileEncoding = 4; lastKnownFileType = sourcecode.c.h; path = ofxUISpacer.h; sourceTree = "<group>"; };
		7FD43EBC196AF86600C4634A /* ofxUISpectrum.cpp */ = {isa = PBXFileReference; fileEncoding = 4; lastKnownFileType = sourcecode.cpp.cpp; path = ofxUISpectrum.cpp; sourceTree = "<group>"; };
		7FD43EBD196AF86600C4634A /* ofxUISpectrum.h */ = {isa = PBXFileReference; fileEncoding = 4; lastKnownFileType = sourcecode.c.h; path = ofxUISpectrum.h; sourceTree = "<group>"; };
		7FD43EBE196AF86600C4634A /* ofxUISuperCanvas.cpp */ = {isa = PBXFileReference; fileEncoding = 4; lastKnownFileType = sourcecode.cpp.cpp; path = ofxUISuperCanvas.cpp; sourceTree = "<group>"; };
		7FD43EBF196AF86600C4634A /* ofxUISuperCanvas.h */ = {isa = PBXFileReference; fileEncoding = 4; lastKnownFileType = sourcecode.c.h; path = ofxUISuperCanvas.h; sourceTree = "<group>"; };
		7FD43EC0196AF86600C4634A /* ofxUITabBar.cpp */ = {isa = PBXFileReference; fileEncoding = 4; lastKnownFileType = sourcecode.cpp.cpp; path = ofxUITabBar.cpp; sourceTree = "<group>"; };
		7FD43EC1196AF86600C4634A /* ofxUITabBar.h */ = {isa = PBXFileReference; fileEncoding = 4; lastKnownFileType = sourcecode.c.h; path = ofxUITabBar.h; sourceTree = "<group>"; };
		7FD43EC2196AF86600C4634A /* ofxUITextArea.cpp */ = {isa = PBXFileReference; fileEncoding = 4; lastKnownFileType = sourcecode.cpp.cpp; path = ofxUITextArea.cpp; sourceTree = "<group>"; };
		7FD43EC3196AF86600C4634A /* ofxUITextArea.h */ = {isa = PBXFileReference; fileEncoding = 4; lastKnownFileType = sourcecode.c.h; path = ofxUITextArea.h; sourceTree = "<group>"; };
		7FD43EC4196AF86600C4634A /* ofxUITextInput.cpp */ = {isa = PBXFileReference; fileEncoding = 4; lastKnownFileType = sourcecode.cpp.cpp; path = ofxUITextInput.cpp; sourceTree = "<group>"; };
		7FD43EC5196AF86600C4634A /* ofxUITextInput.h */ = {isa = PBXFileReference; fileEncoding = 4; lastKnownFileType = sourcecode.c.h; path = ofxUITextInput.h; sourceTree = "<group>"; };
		7FD43EC6196AF86600C4634A /* ofxUIToggle.cpp */ = {isa = PBXFileReference; fileEncoding = 4; lastKnownFileType = sourcecode.cpp.cpp; path = ofxUIToggle.cpp; sourceTree = "<group>"; };
		7FD43EC7196AF86600C4634A /* ofxUIToggle.h */ = {isa = PBXFileReference; fileEncoding = 4; lastKnownFileType = sourcecode.c.h; path = ofxUIToggle.h; sourceTree = "<group>"; };
		7FD43EC8196AF86600C4634A /* ofxUIToggleMatrix.cpp */ = {isa = PBXFileReference; fileEncoding = 4; lastKnownFileType = sourcecode.cpp.cpp; path = ofxUIToggleMatrix.cpp; sourceTree = "<group>"; };
		7FD43EC9196AF86600C4634A /* ofxUIToggleMatrix.h */ = {isa = PBXFileReference; fileEncoding = 4; lastKnownFileType = sourcecode.c.h; path = ofxUIToggleMatrix.h; sourceTree = "<group>"; };
		7FD43ECA196AF86600C4634A /* ofxUIUtils.h */ = {isa = PBXFileReference; fileEncoding = 4; lastKnownFileType = sourcecode.c.h; path = ofxUIUtils.h; sourceTree = "<group>"; };
		7FD43ECB196AF86600C4634A /* ofxUIValuePlotter.cpp */ = {isa = PBXFileReference; fileEncoding = 4; lastKnownFileType = sourcecode.cpp.cpp; path = ofxUIValuePlotter.cpp; sourceTree = "<group>"; };
		7FD43ECC196AF86600C4634A /* ofxUIValuePlotter.h */ = {isa = PBXFileReference; fileEncoding = 4; lastKnownFileType = sourcecode.c.h; path = ofxUIValuePlotter.h; sourceTree = "<group>"; };
		7FD43ECD196AF86600C4634A /* ofxUIWaveform.cpp */ = {isa = PBXFileReference; fileEncoding = 4; lastKnownFileType = sourcecode.cpp.cpp; path = ofxUIWaveform.cpp; sourceTree = "<group>"; };
		7FD43ECE196AF86600C4634A /* ofxUIWaveform.h */ = {isa = PBXFileReference; fileEncoding = 4; lastKnownFileType = sourcecode.c.h; path = ofxUIWaveform.h; sourceTree = "<group>"; };
		7FD43ECF196AF86600C4634A /* ofxUIWidget.cpp */ = {isa = PBXFileReference; fileEncoding = 4; lastKnownFileType = sourcecode.cpp.cpp; path = ofxUIWidget.cpp; sourceTree = "<group>"; };
		7FD43ED0196AF86600C4634A /* ofxUIWidget.h */ = {isa = PBXFileReference; fileEncoding = 4; lastKnownFileType = sourcecode.c.h; path = ofxUIWidget.h; sourceTree = "<group>"; };
		7FD43ED1196AF86600C4634A /* ofxUIWidgets.h */ = {isa = PBXFileReference; fileEncoding = 4; lastKnownFileType = sourcecode.c.h; path = ofxUIWidgets.h; sourceTree = "<group>"; };
		7FD43ED2196AF86600C4634A /* ofxUIWidgetWithLabel.cpp */ = {isa = PBXFileReference; fileEncoding = 4; lastKnownFileType = sourcecode.cpp.cpp; path = ofxUIWidgetWithLabel.cpp; sourceTree = "<group>"; };
		7FD43ED3196AF86600C4634A /* ofxUIWidgetWithLabel.h */ = {isa = PBXFileReference; fileEncoding = 4; lastKnownFileType = sourcecode.c.h; path = ofxUIWidgetWithLabel.h; sourceTree = "<group>"; };
		7FD43ED4196AF86600C4634A /* ofxUIWrapper.h */ = {isa = PBXFileReference; fileEncoding = 4; lastKnownFileType = sourcecode.c.h; path = ofxUIWrapper.h; sourceTree = "<group>"; };
		7FD440B6196AF94300C4634A /* tinyxml.cpp */ = {isa = PBXFileReference; fileEncoding = 4; lastKnownFileType = sourcecode.cpp.cpp; path = tinyxml.cpp; sourceTree = "<group>"; };
		7FD440B7196AF94300C4634A /* tinyxml.h */ = {isa = PBXFileReference; fileEncoding = 4; lastKnownFileType = sourcecode.c.h; path = tinyxml.h; sourceTree = "<group>"; };
		7FD440B8196AF94300C4634A /* tinyxmlerror.cpp */ = {isa = PBXFileReference; fileEncoding = 4; lastKnownFileType = sourcecode.cpp.cpp; path = tinyxmlerror.cpp; sourceTree = "<group>"; };
		7FD440B9196AF94300C4634A /* tinyxmlparser.cpp */ = {isa = PBXFileReference; fileEncoding = 4; lastKnownFileType = sourcecode.cpp.cpp; path = tinyxmlparser.cpp; sourceTree = "<group>"; };
		7FD440BB196AF94300C4634A /* ofxXmlSettings.cpp */ = {isa = PBXFileReference; fileEncoding = 4; lastKnownFileType = sourcecode.cpp.cpp; path = ofxXmlSettings.cpp; sourceTree = "<group>"; };
		7FD440BC196AF94300C4634A /* ofxXmlSettings.h */ = {isa = PBXFileReference; fileEncoding = 4; lastKnownFileType = sourcecode.c.h; path = ofxXmlSettings.h; sourceTree = "<group>"; };
		BBAB23BE13894E4700AA2426 /* GLUT.framework */ = {isa = PBXFileReference; lastKnownFileType = wrapper.framework; name = GLUT.framework; path = ../../../libs/glut/lib/osx/GLUT.framework; sourceTree = "<group>"; };
		E4328143138ABC890047C5CB /* openFrameworksLib.xcodeproj */ = {isa = PBXFileReference; lastKnownFileType = "wrapper.pb-project"; name = openFrameworksLib.xcodeproj; path = ../../../libs/openFrameworksCompiled/project/osx/openFrameworksLib.xcodeproj; sourceTree = SOURCE_ROOT; };
		E45BE9710E8CC7DD009D7055 /* AGL.framework */ = {isa = PBXFileReference; lastKnownFileType = wrapper.framework; name = AGL.framework; path = /System/Library/Frameworks/AGL.framework; sourceTree = "<absolute>"; };
		E45BE9720E8CC7DD009D7055 /* ApplicationServices.framework */ = {isa = PBXFileReference; lastKnownFileType = wrapper.framework; name = ApplicationServices.framework; path = /System/Library/Frameworks/ApplicationServices.framework; sourceTree = "<absolute>"; };
		E45BE9730E8CC7DD009D7055 /* AudioToolbox.framework */ = {isa = PBXFileReference; lastKnownFileType = wrapper.framework; name = AudioToolbox.framework; path = /System/Library/Frameworks/AudioToolbox.framework; sourceTree = "<absolute>"; };
		E45BE9740E8CC7DD009D7055 /* Carbon.framework */ = {isa = PBXFileReference; lastKnownFileType = wrapper.framework; name = Carbon.framework; path = /System/Library/Frameworks/Carbon.framework; sourceTree = "<absolute>"; };
		E45BE9750E8CC7DD009D7055 /* CoreAudio.framework */ = {isa = PBXFileReference; lastKnownFileType = wrapper.framework; name = CoreAudio.framework; path = /System/Library/Frameworks/CoreAudio.framework; sourceTree = "<absolute>"; };
		E45BE9760E8CC7DD009D7055 /* CoreFoundation.framework */ = {isa = PBXFileReference; lastKnownFileType = wrapper.framework; name = CoreFoundation.framework; path = /System/Library/Frameworks/CoreFoundation.framework; sourceTree = "<absolute>"; };
		E45BE9770E8CC7DD009D7055 /* CoreServices.framework */ = {isa = PBXFileReference; lastKnownFileType = wrapper.framework; name = CoreServices.framework; path = /System/Library/Frameworks/CoreServices.framework; sourceTree = "<absolute>"; };
		E45BE9790E8CC7DD009D7055 /* OpenGL.framework */ = {isa = PBXFileReference; lastKnownFileType = wrapper.framework; name = OpenGL.framework; path = /System/Library/Frameworks/OpenGL.framework; sourceTree = "<absolute>"; };
		E45BE97A0E8CC7DD009D7055 /* QuickTime.framework */ = {isa = PBXFileReference; lastKnownFileType = wrapper.framework; name = QuickTime.framework; path = /System/Library/Frameworks/QuickTime.framework; sourceTree = "<absolute>"; };
		E4B69B5B0A3A1756003C02F2 /* meshExampleWebDebug.app */ = {isa = PBXFileReference; explicitFileType = wrapper.application; includeInIndex = 0; path = meshExampleWebDebug.app; sourceTree = BUILT_PRODUCTS_DIR; };
		E4B69E1D0A3A1BDC003C02F2 /* main.cpp */ = {isa = PBXFileReference; fileEncoding = 30; lastKnownFileType = sourcecode.cpp.cpp; name = main.cpp; path = src/main.cpp; sourceTree = SOURCE_ROOT; };
		E4B69E1E0A3A1BDC003C02F2 /* testApp.cpp */ = {isa = PBXFileReference; explicitFileType = sourcecode.cpp.cpp; fileEncoding = 30; name = testApp.cpp; path = src/testApp.cpp; sourceTree = SOURCE_ROOT; };
		E4B69E1F0A3A1BDC003C02F2 /* testApp.h */ = {isa = PBXFileReference; fileEncoding = 30; lastKnownFileType = sourcecode.c.h; name = testApp.h; path = src/testApp.h; sourceTree = SOURCE_ROOT; };
		E4B6FCAD0C3E899E008CF71C /* openFrameworks-Info.plist */ = {isa = PBXFileReference; fileEncoding = 30; lastKnownFileType = text.plist.xml; path = "openFrameworks-Info.plist"; sourceTree = "<group>"; };
		E4C2424410CC5A17004149E2 /* AppKit.framework */ = {isa = PBXFileReference; lastKnownFileType = wrapper.framework; name = AppKit.framework; path = /System/Library/Frameworks/AppKit.framework; sourceTree = "<absolute>"; };
		E4C2424510CC5A17004149E2 /* Cocoa.framework */ = {isa = PBXFileReference; lastKnownFileType = wrapper.framework; name = Cocoa.framework; path = /System/Library/Frameworks/Cocoa.framework; sourceTree = "<absolute>"; };
		E4C2424610CC5A17004149E2 /* IOKit.framework */ = {isa = PBXFileReference; lastKnownFileType = wrapper.framework; name = IOKit.framework; path = /System/Library/Frameworks/IOKit.framework; sourceTree = "<absolute>"; };
		E4EB691F138AFCF100A09F29 /* CoreOF.xcconfig */ = {isa = PBXFileReference; fileEncoding = 4; lastKnownFileType = text.xcconfig; name = CoreOF.xcconfig; path = ../../../libs/openFrameworksCompiled/project/osx/CoreOF.xcconfig; sourceTree = SOURCE_ROOT; };
		E4EB6923138AFD0F00A09F29 /* Project.xcconfig */ = {isa = PBXFileReference; fileEncoding = 4; lastKnownFileType = text.xcconfig; path = Project.xcconfig; sourceTree = "<group>"; };
		E7E077E415D3B63C0020DFD4 /* CoreVideo.framework */ = {isa = PBXFileReference; lastKnownFileType = wrapper.framework; name = CoreVideo.framework; path = /System/Library/Frameworks/CoreVideo.framework; sourceTree = "<absolute>"; };
		E7E077E715D3B6510020DFD4 /* QTKit.framework */ = {isa = PBXFileReference; lastKnownFileType = wrapper.framework; name = QTKit.framework; path = /System/Library/Frameworks/QTKit.framework; sourceTree = "<absolute>"; };
		E7F985F515E0DE99003869B5 /* Accelerate.framework */ = {isa = PBXFileReference; lastKnownFileType = wrapper.framework; name = Accelerate.framework; path = /System/Library/Frameworks/Accelerate.framework; sourceTree = "<absolute>"; };
/* End PBXFileReference section */

/* Begin PBXFrameworksBuildPhase section */
		E4B69B590A3A1756003C02F2 /* Frameworks */ = {
			isa = PBXFrameworksBuildPhase;
			buildActionMask = 2147483647;
			files = (
				E7F985F815E0DEA3003869B5 /* Accelerate.framework in Frameworks */,
				E7E077E815D3B6510020DFD4 /* QTKit.framework in Frameworks */,
				E4EB6799138ADC1D00A09F29 /* GLUT.framework in Frameworks */,
				E4328149138ABC9F0047C5CB /* openFrameworksDebug.a in Frameworks */,
				E45BE97B0E8CC7DD009D7055 /* AGL.framework in Frameworks */,
				E45BE97C0E8CC7DD009D7055 /* ApplicationServices.framework in Frameworks */,
				E45BE97D0E8CC7DD009D7055 /* AudioToolbox.framework in Frameworks */,
				E45BE97E0E8CC7DD009D7055 /* Carbon.framework in Frameworks */,
				E45BE97F0E8CC7DD009D7055 /* CoreAudio.framework in Frameworks */,
				E45BE9800E8CC7DD009D7055 /* CoreFoundation.framework in Frameworks */,
				E45BE9810E8CC7DD009D7055 /* CoreServices.framework in Frameworks */,
				E45BE9830E8CC7DD009D7055 /* OpenGL.framework in Frameworks */,
				E45BE9840E8CC7DD009D7055 /* QuickTime.framework in Frameworks */,
				E4C2424710CC5A17004149E2 /* AppKit.framework in Frameworks */,
				E4C2424810CC5A17004149E2 /* Cocoa.framework in Frameworks */,
				E4C2424910CC5A17004149E2 /* IOKit.framework in Frameworks */,
				E7E077E515D3B63C0020DFD4 /* CoreVideo.framework in Frameworks */,
			);
			runOnlyForDeploymentPostprocessing = 0;
		};
/* End PBXFrameworksBuildPhase section */

/* Begin PBXGroup section */
		7FD43B26196AF85E00C4634A /* ofxUI */ = {
			isa = PBXGroup;
			children = (
				7FD43E76196AF86600C4634A /* src */,
			);
			name = ofxUI;
			path = ../../../addons/ofxUI;
			sourceTree = SOURCE_ROOT;
		};
		7FD43E76196AF86600C4634A /* src */ = {
			isa = PBXGroup;
			children = (
				7FD43E77196AF86600C4634A /* ofxUI.h */,
				7FD43E78196AF86600C4634A /* ofxUI2DGraph.cpp */,
				7FD43E79196AF86600C4634A /* ofxUI2DGraph.h */,
				7FD43E7A196AF86600C4634A /* ofxUI2DPad.cpp */,
				7FD43E7B196AF86600C4634A /* ofxUI2DPad.h */,
				7FD43E7C196AF86600C4634A /* ofxUIBaseDraws.cpp */,
				7FD43E7D196AF86600C4634A /* ofxUIBaseDraws.h */,
				7FD43E7E196AF86600C4634A /* ofxUIBiLabelSlider.cpp */,
				7FD43E7F196AF86600C4634A /* ofxUIBiLabelSlider.h */,
				7FD43E80196AF86600C4634A /* ofxUIButton.cpp */,
				7FD43E81196AF86600C4634A /* ofxUIButton.h */,
				7FD43E82196AF86600C4634A /* ofxUICanvas.cpp */,
				7FD43E83196AF86600C4634A /* ofxUICanvas.h */,
				7FD43E84196AF86600C4634A /* ofxUICircleSlider.cpp */,
				7FD43E85196AF86600C4634A /* ofxUICircleSlider.h */,
				7FD43E86196AF86600C4634A /* ofxUIDefines.h */,
				7FD43E87196AF86600C4634A /* ofxUIDragableLabelButton.cpp */,
				7FD43E88196AF86600C4634A /* ofxUIDragableLabelButton.h */,
				7FD43E89196AF86600C4634A /* ofxUIDropDownList.cpp */,
				7FD43E8A196AF86600C4634A /* ofxUIDropDownList.h */,
				7FD43E8B196AF86600C4634A /* ofxUIEventArgs.cpp */,
				7FD43E8C196AF86600C4634A /* ofxUIEventArgs.h */,
				7FD43E8D196AF86600C4634A /* ofxUIFPS.cpp */,
				7FD43E8E196AF86600C4634A /* ofxUIFPS.h */,
				7FD43E8F196AF86600C4634A /* ofxUIFPSSlider.cpp */,
				7FD43E90196AF86600C4634A /* ofxUIFPSSlider.h */,
				7FD43E91196AF86600C4634A /* ofxUIImage.cpp */,
				7FD43E92196AF86600C4634A /* ofxUIImage.h */,
				7FD43E93196AF86600C4634A /* ofxUIImageButton.cpp */,
				7FD43E94196AF86600C4634A /* ofxUIImageButton.h */,
				7FD43E95196AF86600C4634A /* ofxUIImageSampler.cpp */,
				7FD43E96196AF86600C4634A /* ofxUIImageSampler.h */,
				7FD43E97196AF86600C4634A /* ofxUIImageSlider.cpp */,
				7FD43E98196AF86600C4634A /* ofxUIImageSlider.h */,
				7FD43E99196AF86600C4634A /* ofxUIImageToggle.cpp */,
				7FD43E9A196AF86600C4634A /* ofxUIImageToggle.h */,
				7FD43E9B196AF86600C4634A /* ofxUILabel.cpp */,
				7FD43E9C196AF86600C4634A /* ofxUILabel.h */,
				7FD43E9D196AF86600C4634A /* ofxUILabelButton.cpp */,
				7FD43E9E196AF86600C4634A /* ofxUILabelButton.h */,
				7FD43E9F196AF86600C4634A /* ofxUILabelToggle.cpp */,
				7FD43EA0196AF86600C4634A /* ofxUILabelToggle.h */,
				7FD43EA1196AF86600C4634A /* ofxUIMinimalSlider.cpp */,
				7FD43EA2196AF86600C4634A /* ofxUIMinimalSlider.h */,
				7FD43EA3196AF86600C4634A /* ofxUIMovingGraph.cpp */,
				7FD43EA4196AF86600C4634A /* ofxUIMovingGraph.h */,
				7FD43EA5196AF86600C4634A /* ofxUIMultiImageButton.cpp */,
				7FD43EA6196AF86600C4634A /* ofxUIMultiImageButton.h */,
				7FD43EA7196AF86600C4634A /* ofxUIMultiImageToggle.cpp */,
				7FD43EA8196AF86600C4634A /* ofxUIMultiImageToggle.h */,
				7FD43EA9196AF86600C4634A /* ofxUINumberDialer.cpp */,
				7FD43EAA196AF86600C4634A /* ofxUINumberDialer.h */,
				7FD43EAB196AF86600C4634A /* ofxUIOFWrapper.h */,
				7FD43EAC196AF86600C4634A /* ofxUIRadio.cpp */,
				7FD43EAD196AF86600C4634A /* ofxUIRadio.h */,
				7FD43EAE196AF86600C4634A /* ofxUIRangeSlider.cpp */,
				7FD43EAF196AF86600C4634A /* ofxUIRangeSlider.h */,
				7FD43EB0196AF86600C4634A /* ofxUIRectangle.cpp */,
				7FD43EB1196AF86600C4634A /* ofxUIRectangle.h */,
				7FD43EB2196AF86600C4634A /* ofxUIRotarySlider.cpp */,
				7FD43EB3196AF86600C4634A /* ofxUIRotarySlider.h */,
				7FD43EB4196AF86600C4634A /* ofxUIScrollableCanvas.cpp */,
				7FD43EB5196AF86600C4634A /* ofxUIScrollableCanvas.h */,
				7FD43EB6196AF86600C4634A /* ofxUISlider.cpp */,
				7FD43EB7196AF86600C4634A /* ofxUISlider.h */,
				7FD43EB8196AF86600C4634A /* ofxUISortableList.cpp */,
				7FD43EB9196AF86600C4634A /* ofxUISortableList.h */,
				7FD43EBA196AF86600C4634A /* ofxUISpacer.cpp */,
				7FD43EBB196AF86600C4634A /* ofxUISpacer.h */,
				7FD43EBC196AF86600C4634A /* ofxUISpectrum.cpp */,
				7FD43EBD196AF86600C4634A /* ofxUISpectrum.h */,
				7FD43EBE196AF86600C4634A /* ofxUISuperCanvas.cpp */,
				7FD43EBF196AF86600C4634A /* ofxUISuperCanvas.h */,
				7FD43EC0196AF86600C4634A /* ofxUITabBar.cpp */,
				7FD43EC1196AF86600C4634A /* ofxUITabBar.h */,
				7FD43EC2196AF86600C4634A /* ofxUITextArea.cpp */,
				7FD43EC3196AF86600C4634A /* ofxUITextArea.h */,
				7FD43EC4196AF86600C4634A /* ofxUITextInput.cpp */,
				7FD43EC5196AF86600C4634A /* ofxUITextInput.h */,
				7FD43EC6196AF86600C4634A /* ofxUIToggle.cpp */,
				7FD43EC7196AF86600C4634A /* ofxUIToggle.h */,
				7FD43EC8196AF86600C4634A /* ofxUIToggleMatrix.cpp */,
				7FD43EC9196AF86600C4634A /* ofxUIToggleMatrix.h */,
				7FD43ECA196AF86600C4634A /* ofxUIUtils.h */,
				7FD43ECB196AF86600C4634A /* ofxUIValuePlotter.cpp */,
				7FD43ECC196AF86600C4634A /* ofxUIValuePlotter.h */,
				7FD43ECD196AF86600C4634A /* ofxUIWaveform.cpp */,
				7FD43ECE196AF86600C4634A /* ofxUIWaveform.h */,
				7FD43ECF196AF86600C4634A /* ofxUIWidget.cpp */,
				7FD43ED0196AF86600C4634A /* ofxUIWidget.h */,
				7FD43ED1196AF86600C4634A /* ofxUIWidgets.h */,
				7FD43ED2196AF86600C4634A /* ofxUIWidgetWithLabel.cpp */,
				7FD43ED3196AF86600C4634A /* ofxUIWidgetWithLabel.h */,
				7FD43ED4196AF86600C4634A /* ofxUIWrapper.h */,
			);
			path = src;
			sourceTree = "<group>";
		};
		7FD440B4196AF94300C4634A /* ofxXmlSettings */ = {
			isa = PBXGroup;
			children = (
				7FD440B5196AF94300C4634A /* libs */,
				7FD440BA196AF94300C4634A /* src */,
			);
			name = ofxXmlSettings;
			path = ../../../addons/ofxXmlSettings;
			sourceTree = SOURCE_ROOT;
		};
		7FD440B5196AF94300C4634A /* libs */ = {
			isa = PBXGroup;
			children = (
				7FD440B6196AF94300C4634A /* tinyxml.cpp */,
				7FD440B7196AF94300C4634A /* tinyxml.h */,
				7FD440B8196AF94300C4634A /* tinyxmlerror.cpp */,
				7FD440B9196AF94300C4634A /* tinyxmlparser.cpp */,
			);
			path = libs;
			sourceTree = "<group>";
		};
		7FD440BA196AF94300C4634A /* src */ = {
			isa = PBXGroup;
			children = (
				7FD440BB196AF94300C4634A /* ofxXmlSettings.cpp */,
				7FD440BC196AF94300C4634A /* ofxXmlSettings.h */,
			);
			path = src;
			sourceTree = "<group>";
		};
		BB4B014C10F69532006C3DED /* addons */ = {
			isa = PBXGroup;
			children = (
				7FD440B4196AF94300C4634A /* ofxXmlSettings */,
				7FD43B26196AF85E00C4634A /* ofxUI */,
			);
			name = addons;
			sourceTree = "<group>";
		};
		BBAB23C913894ECA00AA2426 /* system frameworks */ = {
			isa = PBXGroup;
			children = (
				E7F985F515E0DE99003869B5 /* Accelerate.framework */,
				E4C2424410CC5A17004149E2 /* AppKit.framework */,
				E4C2424510CC5A17004149E2 /* Cocoa.framework */,
				E4C2424610CC5A17004149E2 /* IOKit.framework */,
				E45BE9710E8CC7DD009D7055 /* AGL.framework */,
				E45BE9720E8CC7DD009D7055 /* ApplicationServices.framework */,
				E45BE9730E8CC7DD009D7055 /* AudioToolbox.framework */,
				E45BE9740E8CC7DD009D7055 /* Carbon.framework */,
				E45BE9750E8CC7DD009D7055 /* CoreAudio.framework */,
				E45BE9760E8CC7DD009D7055 /* CoreFoundation.framework */,
				E45BE9770E8CC7DD009D7055 /* CoreServices.framework */,
				E45BE9790E8CC7DD009D7055 /* OpenGL.framework */,
				E45BE97A0E8CC7DD009D7055 /* QuickTime.framework */,
				E7E077E415D3B63C0020DFD4 /* CoreVideo.framework */,
				E7E077E715D3B6510020DFD4 /* QTKit.framework */,
			);
			name = "system frameworks";
			sourceTree = "<group>";
		};
		BBAB23CA13894EDB00AA2426 /* 3rd party frameworks */ = {
			isa = PBXGroup;
			children = (
				BBAB23BE13894E4700AA2426 /* GLUT.framework */,
			);
			name = "3rd party frameworks";
			sourceTree = "<group>";
		};
		E4328144138ABC890047C5CB /* Products */ = {
			isa = PBXGroup;
			children = (
				E4328148138ABC890047C5CB /* openFrameworksDebug.a */,
			);
			name = Products;
			sourceTree = "<group>";
		};
		E45BE5980E8CC70C009D7055 /* frameworks */ = {
			isa = PBXGroup;
			children = (
				BBAB23CA13894EDB00AA2426 /* 3rd party frameworks */,
				BBAB23C913894ECA00AA2426 /* system frameworks */,
			);
			name = frameworks;
			sourceTree = "<group>";
		};
		E4B69B4A0A3A1720003C02F2 = {
			isa = PBXGroup;
			children = (
				E4B6FCAD0C3E899E008CF71C /* openFrameworks-Info.plist */,
				E4EB6923138AFD0F00A09F29 /* Project.xcconfig */,
				E4B69E1C0A3A1BDC003C02F2 /* src */,
				E4EEC9E9138DF44700A80321 /* openFrameworks */,
				BB4B014C10F69532006C3DED /* addons */,
				E45BE5980E8CC70C009D7055 /* frameworks */,
				E4B69B5B0A3A1756003C02F2 /* meshExampleWebDebug.app */,
			);
			sourceTree = "<group>";
		};
		E4B69E1C0A3A1BDC003C02F2 /* src */ = {
			isa = PBXGroup;
			children = (
				E4B69E1D0A3A1BDC003C02F2 /* main.cpp */,
				E4B69E1E0A3A1BDC003C02F2 /* testApp.cpp */,
				E4B69E1F0A3A1BDC003C02F2 /* testApp.h */,
			);
			path = src;
			sourceTree = SOURCE_ROOT;
		};
		E4EEC9E9138DF44700A80321 /* openFrameworks */ = {
			isa = PBXGroup;
			children = (
				E4EB691F138AFCF100A09F29 /* CoreOF.xcconfig */,
				E4328143138ABC890047C5CB /* openFrameworksLib.xcodeproj */,
			);
			name = openFrameworks;
			sourceTree = "<group>";
		};
/* End PBXGroup section */

/* Begin PBXNativeTarget section */
		E4B69B5A0A3A1756003C02F2 /* meshExampleWeb */ = {
			isa = PBXNativeTarget;
			buildConfigurationList = E4B69B5F0A3A1757003C02F2 /* Build configuration list for PBXNativeTarget "meshExampleWeb" */;
			buildPhases = (
				E4B69B580A3A1756003C02F2 /* Sources */,
				E4B69B590A3A1756003C02F2 /* Frameworks */,
				E4B6FFFD0C3F9AB9008CF71C /* ShellScript */,
				E4C2427710CC5ABF004149E2 /* CopyFiles */,
			);
			buildRules = (
			);
			dependencies = (
				E4EEB9AC138B136A00A80321 /* PBXTargetDependency */,
			);
			name = meshExampleWeb;
			productName = myOFApp;
			productReference = E4B69B5B0A3A1756003C02F2 /* meshExampleWebDebug.app */;
			productType = "com.apple.product-type.application";
		};
/* End PBXNativeTarget section */

/* Begin PBXProject section */
		E4B69B4C0A3A1720003C02F2 /* Project object */ = {
			isa = PBXProject;
			attributes = {
				LastUpgradeCheck = 0460;
			};
			buildConfigurationList = E4B69B4D0A3A1720003C02F2 /* Build configuration list for PBXProject "meshExampleWeb" */;
			compatibilityVersion = "Xcode 3.2";
			developmentRegion = English;
			hasScannedForEncodings = 0;
			knownRegions = (
				English,
				Japanese,
				French,
				German,
			);
			mainGroup = E4B69B4A0A3A1720003C02F2;
			productRefGroup = E4B69B4A0A3A1720003C02F2;
			projectDirPath = "";
			projectReferences = (
				{
					ProductGroup = E4328144138ABC890047C5CB /* Products */;
					ProjectRef = E4328143138ABC890047C5CB /* openFrameworksLib.xcodeproj */;
				},
			);
			projectRoot = "";
			targets = (
				E4B69B5A0A3A1756003C02F2 /* meshExampleWeb */,
			);
		};
/* End PBXProject section */

/* Begin PBXReferenceProxy section */
		E4328148138ABC890047C5CB /* openFrameworksDebug.a */ = {
			isa = PBXReferenceProxy;
			fileType = archive.ar;
			path = openFrameworksDebug.a;
			remoteRef = E4328147138ABC890047C5CB /* PBXContainerItemProxy */;
			sourceTree = BUILT_PRODUCTS_DIR;
		};
/* End PBXReferenceProxy section */

/* Begin PBXShellScriptBuildPhase section */
		E4B6FFFD0C3F9AB9008CF71C /* ShellScript */ = {
			isa = PBXShellScriptBuildPhase;
			buildActionMask = 2147483647;
			files = (
			);
			inputPaths = (
			);
			outputPaths = (
			);
			runOnlyForDeploymentPostprocessing = 0;
			shellPath = /bin/sh;
			shellScript = "cp -f ../../../libs/fmodex/lib/osx/libfmodex.dylib \"$TARGET_BUILD_DIR/$PRODUCT_NAME.app/Contents/MacOS/libfmodex.dylib\"; install_name_tool -change ./libfmodex.dylib @executable_path/libfmodex.dylib \"$TARGET_BUILD_DIR/$PRODUCT_NAME.app/Contents/MacOS/$PRODUCT_NAME\";\nmkdir -p \"$TARGET_BUILD_DIR/$PRODUCT_NAME.app/Contents/Resources/\"\ncp -f \"$ICON_FILE\" \"$TARGET_BUILD_DIR/$PRODUCT_NAME.app/Contents/Resources/\"\n";
		};
/* End PBXShellScriptBuildPhase section */

/* Begin PBXSourcesBuildPhase section */
		E4B69B580A3A1756003C02F2 /* Sources */ = {
			isa = PBXSourcesBuildPhase;
			buildActionMask = 2147483647;
			files = (
				E4B69E200A3A1BDC003C02F2 /* main.cpp in Sources */,
				E4B69E210A3A1BDC003C02F2 /* testApp.cpp in Sources */,
				7FD44002196AF86600C4634A /* ofxUI2DGraph.cpp in Sources */,
				7FD44003196AF86600C4634A /* ofxUI2DPad.cpp in Sources */,
				7FD44004196AF86600C4634A /* ofxUIBaseDraws.cpp in Sources */,
				7FD44005196AF86600C4634A /* ofxUIBiLabelSlider.cpp in Sources */,
				7FD44006196AF86600C4634A /* ofxUIButton.cpp in Sources */,
				7FD44007196AF86600C4634A /* ofxUICanvas.cpp in Sources */,
				7FD44008196AF86600C4634A /* ofxUICircleSlider.cpp in Sources */,
				7FD44009196AF86600C4634A /* ofxUIDragableLabelButton.cpp in Sources */,
				7FD4400A196AF86600C4634A /* ofxUIDropDownList.cpp in Sources */,
				7FD4400B196AF86600C4634A /* ofxUIEventArgs.cpp in Sources */,
				7FD4400C196AF86600C4634A /* ofxUIFPS.cpp in Sources */,
				7FD4400D196AF86600C4634A /* ofxUIFPSSlider.cpp in Sources */,
				7FD4400E196AF86600C4634A /* ofxUIImage.cpp in Sources */,
				7FD4400F196AF86600C4634A /* ofxUIImageButton.cpp in Sources */,
				7FD44010196AF86600C4634A /* ofxUIImageSampler.cpp in Sources */,
				7FD44011196AF86600C4634A /* ofxUIImageSlider.cpp in Sources */,
				7FD44012196AF86600C4634A /* ofxUIImageToggle.cpp in Sources */,
				7FD44013196AF86600C4634A /* ofxUILabel.cpp in Sources */,
				7FD44014196AF86600C4634A /* ofxUILabelButton.cpp in Sources */,
				7FD44015196AF86600C4634A /* ofxUILabelToggle.cpp in Sources */,
				7FD44016196AF86600C4634A /* ofxUIMinimalSlider.cpp in Sources */,
				7FD44017196AF86600C4634A /* ofxUIMovingGraph.cpp in Sources */,
				7FD44018196AF86600C4634A /* ofxUIMultiImageButton.cpp in Sources */,
				7FD44019196AF86600C4634A /* ofxUIMultiImageToggle.cpp in Sources */,
				7FD4401A196AF86600C4634A /* ofxUINumberDialer.cpp in Sources */,
				7FD4401B196AF86600C4634A /* ofxUIRadio.cpp in Sources */,
				7FD4401C196AF86600C4634A /* ofxUIRangeSlider.cpp in Sources */,
				7FD4401D196AF86600C4634A /* ofxUIRectangle.cpp in Sources */,
				7FD4401E196AF86600C4634A /* ofxUIRotarySlider.cpp in Sources */,
				7FD4401F196AF86600C4634A /* ofxUIScrollableCanvas.cpp in Sources */,
				7FD44020196AF86600C4634A /* ofxUISlider.cpp in Sources */,
				7FD44021196AF86600C4634A /* ofxUISortableList.cpp in Sources */,
				7FD44022196AF86600C4634A /* ofxUISpacer.cpp in Sources */,
				7FD44023196AF86600C4634A /* ofxUISpectrum.cpp in Sources */,
				7FD44024196AF86600C4634A /* ofxUISuperCanvas.cpp in Sources */,
				7FD44025196AF86600C4634A /* ofxUITabBar.cpp in Sources */,
				7FD44026196AF86600C4634A /* ofxUITextArea.cpp in Sources */,
				7FD44027196AF86600C4634A /* ofxUITextInput.cpp in Sources */,
				7FD44028196AF86600C4634A /* ofxUIToggle.cpp in Sources */,
				7FD44029196AF86600C4634A /* ofxUIToggleMatrix.cpp in Sources */,
				7FD4402A196AF86600C4634A /* ofxUIValuePlotter.cpp in Sources */,
				7FD4402B196AF86600C4634A /* ofxUIWaveform.cpp in Sources */,
				7FD4402C196AF86600C4634A /* ofxUIWidget.cpp in Sources */,
				7FD4402D196AF86600C4634A /* ofxUIWidgetWithLabel.cpp in Sources */,
				7FD440BD196AF94300C4634A /* tinyxml.cpp in Sources */,
				7FD440BE196AF94300C4634A /* tinyxmlerror.cpp in Sources */,
				7FD440BF196AF94300C4634A /* tinyxmlparser.cpp in Sources */,
				7FD440C0196AF94300C4634A /* ofxXmlSettings.cpp in Sources */,
			);
			runOnlyForDeploymentPostprocessing = 0;
		};
/* End PBXSourcesBuildPhase section */

/* Begin PBXTargetDependency section */
		E4EEB9AC138B136A00A80321 /* PBXTargetDependency */ = {
			isa = PBXTargetDependency;
			name = openFrameworks;
			targetProxy = E4EEB9AB138B136A00A80321 /* PBXContainerItemProxy */;
		};
/* End PBXTargetDependency section */

/* Begin XCBuildConfiguration section */
		E4B69B4E0A3A1720003C02F2 /* Debug */ = {
			isa = XCBuildConfiguration;
			baseConfigurationReference = E4EB6923138AFD0F00A09F29 /* Project.xcconfig */;
			buildSettings = {
				ARCHS = "$(NATIVE_ARCH)";
				CONFIGURATION_BUILD_DIR = "$(SRCROOT)/bin/";
				COPY_PHASE_STRIP = NO;
				DEAD_CODE_STRIPPING = YES;
				GCC_AUTO_VECTORIZATION = YES;
				GCC_ENABLE_SSE3_EXTENSIONS = YES;
				GCC_ENABLE_SUPPLEMENTAL_SSE3_INSTRUCTIONS = YES;
				GCC_INLINES_ARE_PRIVATE_EXTERN = NO;
				GCC_OPTIMIZATION_LEVEL = 0;
				GCC_SYMBOLS_PRIVATE_EXTERN = NO;
				GCC_WARN_ABOUT_DEPRECATED_FUNCTIONS = YES;
				GCC_WARN_ABOUT_INVALID_OFFSETOF_MACRO = NO;
				GCC_WARN_ALLOW_INCOMPLETE_PROTOCOL = NO;
				GCC_WARN_UNINITIALIZED_AUTOS = NO;
				GCC_WARN_UNUSED_VALUE = NO;
				GCC_WARN_UNUSED_VARIABLE = NO;
				HEADER_SEARCH_PATHS = (
					"$(OF_CORE_HEADERS)",
					src,
				);
				MACOSX_DEPLOYMENT_TARGET = 10.6;
				OTHER_CPLUSPLUSFLAGS = (
					"-D__MACOSX_CORE__",
					"-lpthread",
					"-mtune=native",
				);
				SDKROOT = macosx;
			};
			name = Debug;
		};
		E4B69B4F0A3A1720003C02F2 /* Release */ = {
			isa = XCBuildConfiguration;
			baseConfigurationReference = E4EB6923138AFD0F00A09F29 /* Project.xcconfig */;
			buildSettings = {
				ARCHS = "$(NATIVE_ARCH)";
				CONFIGURATION_BUILD_DIR = "$(SRCROOT)/bin/";
				COPY_PHASE_STRIP = YES;
				DEAD_CODE_STRIPPING = YES;
				GCC_AUTO_VECTORIZATION = YES;
				GCC_ENABLE_SSE3_EXTENSIONS = YES;
				GCC_ENABLE_SUPPLEMENTAL_SSE3_INSTRUCTIONS = YES;
				GCC_INLINES_ARE_PRIVATE_EXTERN = NO;
				GCC_OPTIMIZATION_LEVEL = 3;
				GCC_SYMBOLS_PRIVATE_EXTERN = NO;
				GCC_UNROLL_LOOPS = YES;
				GCC_WARN_ABOUT_DEPRECATED_FUNCTIONS = YES;
				GCC_WARN_ABOUT_INVALID_OFFSETOF_MACRO = NO;
				GCC_WARN_ALLOW_INCOMPLETE_PROTOCOL = NO;
				GCC_WARN_UNINITIALIZED_AUTOS = NO;
				GCC_WARN_UNUSED_VALUE = NO;
				GCC_WARN_UNUSED_VARIABLE = NO;
				HEADER_SEARCH_PATHS = (
					"$(OF_CORE_HEADERS)",
					src,
				);
				MACOSX_DEPLOYMENT_TARGET = 10.6;
				OTHER_CPLUSPLUSFLAGS = (
					"-D__MACOSX_CORE__",
					"-lpthread",
					"-mtune=native",
				);
				SDKROOT = macosx;
			};
			name = Release;
		};
		E4B69B600A3A1757003C02F2 /* Debug */ = {
			isa = XCBuildConfiguration;
			buildSettings = {
				COMBINE_HIDPI_IMAGES = YES;
				COPY_PHASE_STRIP = NO;
				FRAMEWORK_SEARCH_PATHS = (
					"$(inherited)",
					"$(FRAMEWORK_SEARCH_PATHS_QUOTED_FOR_TARGET_1)",
				);
				FRAMEWORK_SEARCH_PATHS_QUOTED_FOR_TARGET_1 = "\"$(SRCROOT)/../../../libs/glut/lib/osx\"";
				GCC_DYNAMIC_NO_PIC = NO;
				GCC_GENERATE_DEBUGGING_SYMBOLS = YES;
				GCC_MODEL_TUNING = NONE;
				ICON = "$(ICON_NAME_DEBUG)";
				ICON_FILE = "$(ICON_FILE_PATH)$(ICON)";
				INFOPLIST_FILE = "openFrameworks-Info.plist";
				INSTALL_PATH = "$(HOME)/Applications";
				LIBRARY_SEARCH_PATHS = (
					"$(inherited)",
					"$(LIBRARY_SEARCH_PATHS_QUOTED_FOR_TARGET_1)",
					"$(LIBRARY_SEARCH_PATHS_QUOTED_FOR_TARGET_2)",
					"$(LIBRARY_SEARCH_PATHS_QUOTED_FOR_TARGET_3)",
					"$(LIBRARY_SEARCH_PATHS_QUOTED_FOR_TARGET_4)",
					"$(LIBRARY_SEARCH_PATHS_QUOTED_FOR_TARGET_5)",
					"$(LIBRARY_SEARCH_PATHS_QUOTED_FOR_TARGET_6)",
					"$(LIBRARY_SEARCH_PATHS_QUOTED_FOR_TARGET_7)",
					"$(LIBRARY_SEARCH_PATHS_QUOTED_FOR_TARGET_8)",
					"$(LIBRARY_SEARCH_PATHS_QUOTED_FOR_TARGET_9)",
					"$(LIBRARY_SEARCH_PATHS_QUOTED_FOR_TARGET_10)",
					"$(LIBRARY_SEARCH_PATHS_QUOTED_FOR_TARGET_11)",
					"$(LIBRARY_SEARCH_PATHS_QUOTED_FOR_TARGET_12)",
					"$(LIBRARY_SEARCH_PATHS_QUOTED_FOR_TARGET_13)",
					"$(LIBRARY_SEARCH_PATHS_QUOTED_FOR_TARGET_14)",
					"$(LIBRARY_SEARCH_PATHS_QUOTED_FOR_TARGET_15)",
					"$(LIBRARY_SEARCH_PATHS_QUOTED_FOR_TARGET_2)",
					"$(LIBRARY_SEARCH_PATHS_QUOTED_FOR_TARGET_3)",
					"$(LIBRARY_SEARCH_PATHS_QUOTED_FOR_TARGET_7)",
					"$(LIBRARY_SEARCH_PATHS_QUOTED_FOR_TARGET_8)",
					"$(LIBRARY_SEARCH_PATHS_QUOTED_FOR_TARGET_9)",
					"$(LIBRARY_SEARCH_PATHS_QUOTED_FOR_TARGET_10)",
					"$(LIBRARY_SEARCH_PATHS_QUOTED_FOR_TARGET_11)",
					"$(LIBRARY_SEARCH_PATHS_QUOTED_FOR_TARGET_12)",
					"$(LIBRARY_SEARCH_PATHS_QUOTED_FOR_TARGET_13)",
					"$(LIBRARY_SEARCH_PATHS_QUOTED_FOR_TARGET_16)",
					"$(LIBRARY_SEARCH_PATHS_QUOTED_FOR_TARGET_17)",
					"$(LIBRARY_SEARCH_PATHS_QUOTED_FOR_TARGET_18)",
					"$(LIBRARY_SEARCH_PATHS_QUOTED_FOR_TARGET_19)",
					"$(LIBRARY_SEARCH_PATHS_QUOTED_FOR_TARGET_20)",
					"$(LIBRARY_SEARCH_PATHS_QUOTED_FOR_TARGET_21)",
					"$(LIBRARY_SEARCH_PATHS_QUOTED_FOR_TARGET_22)",
					"$(LIBRARY_SEARCH_PATHS_QUOTED_FOR_TARGET_23)",
					"$(LIBRARY_SEARCH_PATHS_QUOTED_FOR_TARGET_24)",
					"$(LIBRARY_SEARCH_PATHS_QUOTED_FOR_TARGET_25)",
					"$(LIBRARY_SEARCH_PATHS_QUOTED_FOR_TARGET_26)",
					"$(LIBRARY_SEARCH_PATHS_QUOTED_FOR_TARGET_27)",
					"$(LIBRARY_SEARCH_PATHS_QUOTED_FOR_TARGET_28)",
					"$(LIBRARY_SEARCH_PATHS_QUOTED_FOR_TARGET_29)",
					"$(LIBRARY_SEARCH_PATHS_QUOTED_FOR_TARGET_30)",
					"$(LIBRARY_SEARCH_PATHS_QUOTED_FOR_TARGET_31)",
					"$(LIBRARY_SEARCH_PATHS_QUOTED_FOR_TARGET_32)",
					"$(LIBRARY_SEARCH_PATHS_QUOTED_FOR_TARGET_33)",
					"$(LIBRARY_SEARCH_PATHS_QUOTED_FOR_TARGET_34)",
					"$(LIBRARY_SEARCH_PATHS_QUOTED_FOR_TARGET_35)",
					"$(LIBRARY_SEARCH_PATHS_QUOTED_FOR_TARGET_36)",
					"$(LIBRARY_SEARCH_PATHS_QUOTED_FOR_TARGET_37)",
					"$(LIBRARY_SEARCH_PATHS_QUOTED_FOR_TARGET_38)",
					"$(LIBRARY_SEARCH_PATHS_QUOTED_FOR_TARGET_39)",
					"$(LIBRARY_SEARCH_PATHS_QUOTED_FOR_TARGET_40)",
					"$(LIBRARY_SEARCH_PATHS_QUOTED_FOR_TARGET_41)",
					"$(LIBRARY_SEARCH_PATHS_QUOTED_FOR_TARGET_42)",
					"$(LIBRARY_SEARCH_PATHS_QUOTED_FOR_TARGET_43)",
					"$(LIBRARY_SEARCH_PATHS_QUOTED_FOR_TARGET_44)",
					"$(LIBRARY_SEARCH_PATHS_QUOTED_FOR_TARGET_45)",
					"$(LIBRARY_SEARCH_PATHS_QUOTED_FOR_TARGET_46)",
					"$(LIBRARY_SEARCH_PATHS_QUOTED_FOR_TARGET_47)",
					"$(LIBRARY_SEARCH_PATHS_QUOTED_FOR_TARGET_48)",
					"$(LIBRARY_SEARCH_PATHS_QUOTED_FOR_TARGET_49)",
					"$(LIBRARY_SEARCH_PATHS_QUOTED_FOR_TARGET_50)",
					"$(LIBRARY_SEARCH_PATHS_QUOTED_FOR_TARGET_51)",
					"$(LIBRARY_SEARCH_PATHS_QUOTED_FOR_TARGET_52)",
				);
				PRODUCT_NAME = "$(TARGET_NAME)Debug";
				WRAPPER_EXTENSION = app;
			};
			name = Debug;
		};
		E4B69B610A3A1757003C02F2 /* Release */ = {
			isa = XCBuildConfiguration;
			buildSettings = {
				COMBINE_HIDPI_IMAGES = YES;
				COPY_PHASE_STRIP = YES;
				FRAMEWORK_SEARCH_PATHS = (
					"$(inherited)",
					"$(FRAMEWORK_SEARCH_PATHS_QUOTED_FOR_TARGET_1)",
				);
				FRAMEWORK_SEARCH_PATHS_QUOTED_FOR_TARGET_1 = "\"$(SRCROOT)/../../../libs/glut/lib/osx\"";
				GCC_GENERATE_DEBUGGING_SYMBOLS = YES;
				GCC_MODEL_TUNING = NONE;
				ICON = "$(ICON_NAME_RELEASE)";
				ICON_FILE = "$(ICON_FILE_PATH)$(ICON)";
				INFOPLIST_FILE = "openFrameworks-Info.plist";
				INSTALL_PATH = "$(HOME)/Applications";
				LIBRARY_SEARCH_PATHS = (
					"$(inherited)",
					"$(LIBRARY_SEARCH_PATHS_QUOTED_FOR_TARGET_1)",
					"$(LIBRARY_SEARCH_PATHS_QUOTED_FOR_TARGET_2)",
					"$(LIBRARY_SEARCH_PATHS_QUOTED_FOR_TARGET_3)",
					"$(LIBRARY_SEARCH_PATHS_QUOTED_FOR_TARGET_4)",
					"$(LIBRARY_SEARCH_PATHS_QUOTED_FOR_TARGET_5)",
					"$(LIBRARY_SEARCH_PATHS_QUOTED_FOR_TARGET_6)",
					"$(LIBRARY_SEARCH_PATHS_QUOTED_FOR_TARGET_7)",
					"$(LIBRARY_SEARCH_PATHS_QUOTED_FOR_TARGET_8)",
					"$(LIBRARY_SEARCH_PATHS_QUOTED_FOR_TARGET_9)",
					"$(LIBRARY_SEARCH_PATHS_QUOTED_FOR_TARGET_10)",
					"$(LIBRARY_SEARCH_PATHS_QUOTED_FOR_TARGET_11)",
					"$(LIBRARY_SEARCH_PATHS_QUOTED_FOR_TARGET_12)",
					"$(LIBRARY_SEARCH_PATHS_QUOTED_FOR_TARGET_13)",
					"$(LIBRARY_SEARCH_PATHS_QUOTED_FOR_TARGET_14)",
					"$(LIBRARY_SEARCH_PATHS_QUOTED_FOR_TARGET_15)",
					"$(LIBRARY_SEARCH_PATHS_QUOTED_FOR_TARGET_2)",
					"$(LIBRARY_SEARCH_PATHS_QUOTED_1)",
					"$(LIBRARY_SEARCH_PATHS_QUOTED_FOR_TARGET_3)",
					"$(LIBRARY_SEARCH_PATHS_QUOTED_FOR_TARGET_7)",
					"$(LIBRARY_SEARCH_PATHS_QUOTED_FOR_TARGET_8)",
					"$(LIBRARY_SEARCH_PATHS_QUOTED_FOR_TARGET_9)",
					"$(LIBRARY_SEARCH_PATHS_QUOTED_FOR_TARGET_10)",
					"$(LIBRARY_SEARCH_PATHS_QUOTED_FOR_TARGET_11)",
					"$(LIBRARY_SEARCH_PATHS_QUOTED_FOR_TARGET_12)",
					"$(LIBRARY_SEARCH_PATHS_QUOTED_FOR_TARGET_13)",
					"$(LIBRARY_SEARCH_PATHS_QUOTED_FOR_TARGET_16)",
					"$(LIBRARY_SEARCH_PATHS_QUOTED_FOR_TARGET_17)",
					"$(LIBRARY_SEARCH_PATHS_QUOTED_FOR_TARGET_18)",
					"$(LIBRARY_SEARCH_PATHS_QUOTED_FOR_TARGET_19)",
					"$(LIBRARY_SEARCH_PATHS_QUOTED_FOR_TARGET_20)",
					"$(LIBRARY_SEARCH_PATHS_QUOTED_FOR_TARGET_21)",
					"$(LIBRARY_SEARCH_PATHS_QUOTED_FOR_TARGET_22)",
					"$(LIBRARY_SEARCH_PATHS_QUOTED_FOR_TARGET_23)",
					"$(LIBRARY_SEARCH_PATHS_QUOTED_FOR_TARGET_24)",
					"$(LIBRARY_SEARCH_PATHS_QUOTED_FOR_TARGET_25)",
					"$(LIBRARY_SEARCH_PATHS_QUOTED_FOR_TARGET_26)",
					"$(LIBRARY_SEARCH_PATHS_QUOTED_FOR_TARGET_27)",
					"$(LIBRARY_SEARCH_PATHS_QUOTED_FOR_TARGET_28)",
					"$(LIBRARY_SEARCH_PATHS_QUOTED_FOR_TARGET_29)",
					"$(LIBRARY_SEARCH_PATHS_QUOTED_FOR_TARGET_30)",
					"$(LIBRARY_SEARCH_PATHS_QUOTED_FOR_TARGET_31)",
					"$(LIBRARY_SEARCH_PATHS_QUOTED_FOR_TARGET_32)",
					"$(LIBRARY_SEARCH_PATHS_QUOTED_FOR_TARGET_33)",
					"$(LIBRARY_SEARCH_PATHS_QUOTED_FOR_TARGET_34)",
					"$(LIBRARY_SEARCH_PATHS_QUOTED_FOR_TARGET_35)",
					"$(LIBRARY_SEARCH_PATHS_QUOTED_FOR_TARGET_36)",
					"$(LIBRARY_SEARCH_PATHS_QUOTED_FOR_TARGET_37)",
					"$(LIBRARY_SEARCH_PATHS_QUOTED_FOR_TARGET_38)",
					"$(LIBRARY_SEARCH_PATHS_QUOTED_FOR_TARGET_39)",
					"$(LIBRARY_SEARCH_PATHS_QUOTED_FOR_TARGET_40)",
					"$(LIBRARY_SEARCH_PATHS_QUOTED_FOR_TARGET_41)",
					"$(LIBRARY_SEARCH_PATHS_QUOTED_FOR_TARGET_42)",
					"$(LIBRARY_SEARCH_PATHS_QUOTED_FOR_TARGET_43)",
					"$(LIBRARY_SEARCH_PATHS_QUOTED_FOR_TARGET_44)",
					"$(LIBRARY_SEARCH_PATHS_QUOTED_FOR_TARGET_45)",
					"$(LIBRARY_SEARCH_PATHS_QUOTED_FOR_TARGET_46)",
					"$(LIBRARY_SEARCH_PATHS_QUOTED_FOR_TARGET_47)",
					"$(LIBRARY_SEARCH_PATHS_QUOTED_FOR_TARGET_48)",
					"$(LIBRARY_SEARCH_PATHS_QUOTED_FOR_TARGET_49)",
					"$(LIBRARY_SEARCH_PATHS_QUOTED_FOR_TARGET_50)",
					"$(LIBRARY_SEARCH_PATHS_QUOTED_FOR_TARGET_51)",
				);
				PRODUCT_NAME = "$(TARGET_NAME)";
				WRAPPER_EXTENSION = app;
			};
			name = Release;
		};
/* End XCBuildConfiguration section */

/* Begin XCConfigurationList section */
		E4B69B4D0A3A1720003C02F2 /* Build configuration list for PBXProject "meshExampleWeb" */ = {
			isa = XCConfigurationList;
			buildConfigurations = (
				E4B69B4E0A3A1720003C02F2 /* Debug */,
				E4B69B4F0A3A1720003C02F2 /* Release */,
			);
			defaultConfigurationIsVisible = 0;
			defaultConfigurationName = Release;
		};
		E4B69B5F0A3A1757003C02F2 /* Build configuration list for PBXNativeTarget "meshExampleWeb" */ = {
			isa = XCConfigurationList;
			buildConfigurations = (
				E4B69B600A3A1757003C02F2 /* Debug */,
				E4B69B610A3A1757003C02F2 /* Release */,
			);
			defaultConfigurationIsVisible = 0;
			defaultConfigurationName = Release;
		};
/* End XCConfigurationList section */
	};
	rootObject = E4B69B4C0A3A1720003C02F2 /* Project object */;
}
